
Microsoft Visual Studio Solution File, Format Version 12.00
# Visual Studio Version 16
VisualStudioVersion = 16.0.32228.343
MinimumVisualStudioVersion = 10.0.40219.1
Project("{FAE04EC0-301F-11D3-BF4B-00C04F79EFBC}") = "FindMaximumProblem", "FindMaximumProblem\FindMaximumProblem.csproj", "{7330AA66-3C4B-4DB7-92A8-DC83CEBAE448}"
EndProject
Global
	GlobalSection(SolutionConfigurationPlatforms) = preSolution
		Debug|Any CPU = Debug|Any CPU
		Release|Any CPU = Release|Any CPU
	EndGlobalSection
	GlobalSection(ProjectConfigurationPlatforms) = postSolution
		{7330AA66-3C4B-4DB7-92A8-DC83CEBAE448}.Debug|Any CPU.ActiveCfg = Debug|Any CPU
		{7330AA66-3C4B-4DB7-92A8-DC83CEBAE448}.Debug|Any CPU.Build.0 = Debug|Any CPU
		{7330AA66-3C4B-4DB7-92A8-DC83CEBAE448}.Release|Any CPU.ActiveCfg = Release|Any CPU
		{7330AA66-3C4B-4DB7-92A8-DC83CEBAE448}.Release|Any CPU.Build.0 = Release|Any CPU
	EndGlobalSection
	GlobalSection(SolutionProperties) = preSolution
		HideSolutionNode = FALSE
	EndGlobalSection
	GlobalSection(ExtensibilityGlobals) = postSolution
		SolutionGuid = {7EC73D42-F107-4981-AD5B-8BD587D5548C}
	EndGlobalSection
EndGlobal
